// !$*UTF8*$!
{
	archiveVersion = 1;
	classes = {
	};
	objectVersion = 56;
	objects = {

/* Begin PBXBuildFile section */
		D2E2D72F2AC8AFF50086CEF5 /* AppDelegate.swift in Sources */ = {isa = PBXBuildFile; fileRef = D2E2D72E2AC8AFF50086CEF5 /* AppDelegate.swift */; };
		D2E2D7312AC8AFF50086CEF5 /* SceneDelegate.swift in Sources */ = {isa = PBXBuildFile; fileRef = D2E2D7302AC8AFF50086CEF5 /* SceneDelegate.swift */; };
		D2E2D7332AC8AFF50086CEF5 /* ViewController.swift in Sources */ = {isa = PBXBuildFile; fileRef = D2E2D7322AC8AFF50086CEF5 /* ViewController.swift */; };
		D2E2D7362AC8AFF50086CEF5 /* Main.storyboard in Resources */ = {isa = PBXBuildFile; fileRef = D2E2D7342AC8AFF50086CEF5 /* Main.storyboard */; };
		D2E2D7382AC8AFF70086CEF5 /* Assets.xcassets in Resources */ = {isa = PBXBuildFile; fileRef = D2E2D7372AC8AFF70086CEF5 /* Assets.xcassets */; };
		D2E2D73B2AC8AFF70086CEF5 /* LaunchScreen.storyboard in Resources */ = {isa = PBXBuildFile; fileRef = D2E2D7392AC8AFF70086CEF5 /* LaunchScreen.storyboard */; };
		D2E2D7462AC8AFF70086CEF5 /* VideoEditorAppTests.swift in Sources */ = {isa = PBXBuildFile; fileRef = D2E2D7452AC8AFF70086CEF5 /* VideoEditorAppTests.swift */; };
		D2E2D7502AC8AFF70086CEF5 /* VideoEditorAppUITests.swift in Sources */ = {isa = PBXBuildFile; fileRef = D2E2D74F2AC8AFF70086CEF5 /* VideoEditorAppUITests.swift */; };
		D2E2D7522AC8AFF70086CEF5 /* VideoEditorAppUITestsLaunchTests.swift in Sources */ = {isa = PBXBuildFile; fileRef = D2E2D7512AC8AFF70086CEF5 /* VideoEditorAppUITestsLaunchTests.swift */; };
		E55EDB78A559E0ABB11B6DCD /* Pods_VideoEditorApp.framework in Frameworks */ = {isa = PBXBuildFile; fileRef = A9993AECD138E8FEEFA6233B /* Pods_VideoEditorApp.framework */; };
/* End PBXBuildFile section */

/* Begin PBXContainerItemProxy section */
		D2E2D7422AC8AFF70086CEF5 /* PBXContainerItemProxy */ = {
			isa = PBXContainerItemProxy;
			containerPortal = D2E2D7232AC8AFF50086CEF5 /* Project object */;
			proxyType = 1;
			remoteGlobalIDString = D2E2D72A2AC8AFF50086CEF5;
			remoteInfo = VideoEditorApp;
		};
		D2E2D74C2AC8AFF70086CEF5 /* PBXContainerItemProxy */ = {
			isa = PBXContainerItemProxy;
			containerPortal = D2E2D7232AC8AFF50086CEF5 /* Project object */;
			proxyType = 1;
			remoteGlobalIDString = D2E2D72A2AC8AFF50086CEF5;
			remoteInfo = VideoEditorApp;
		};
/* End PBXContainerItemProxy section */

/* Begin PBXFileReference section */
		4BFCEA50841FB64B74A455FD /* Pods-VideoEditorApp.debug.xcconfig */ = {isa = PBXFileReference; includeInIndex = 1; lastKnownFileType = text.xcconfig; name = "Pods-VideoEditorApp.debug.xcconfig"; path = "Target Support Files/Pods-VideoEditorApp/Pods-VideoEditorApp.debug.xcconfig"; sourceTree = "<group>"; };
		9B014DCE51004A9E9B2F1F3B /* Pods-VideoEditorApp.release.xcconfig */ = {isa = PBXFileReference; includeInIndex = 1; lastKnownFileType = text.xcconfig; name = "Pods-VideoEditorApp.release.xcconfig"; path = "Target Support Files/Pods-VideoEditorApp/Pods-VideoEditorApp.release.xcconfig"; sourceTree = "<group>"; };
		A9993AECD138E8FEEFA6233B /* Pods_VideoEditorApp.framework */ = {isa = PBXFileReference; explicitFileType = wrapper.framework; includeInIndex = 0; path = Pods_VideoEditorApp.framework; sourceTree = BUILT_PRODUCTS_DIR; };
		D2E2D72B2AC8AFF50086CEF5 /* VideoEditorApp.app */ = {isa = PBXFileReference; explicitFileType = wrapper.application; includeInIndex = 0; path = VideoEditorApp.app; sourceTree = BUILT_PRODUCTS_DIR; };
		D2E2D72E2AC8AFF50086CEF5 /* AppDelegate.swift */ = {isa = PBXFileReference; lastKnownFileType = sourcecode.swift; path = AppDelegate.swift; sourceTree = "<group>"; };
		D2E2D7302AC8AFF50086CEF5 /* SceneDelegate.swift */ = {isa = PBXFileReference; lastKnownFileType = sourcecode.swift; path = SceneDelegate.swift; sourceTree = "<group>"; };
		D2E2D7322AC8AFF50086CEF5 /* ViewController.swift */ = {isa = PBXFileReference; lastKnownFileType = sourcecode.swift; path = ViewController.swift; sourceTree = "<group>"; };
		D2E2D7352AC8AFF50086CEF5 /* Base */ = {isa = PBXFileReference; lastKnownFileType = file.storyboard; name = Base; path = Base.lproj/Main.storyboard; sourceTree = "<group>"; };
		D2E2D7372AC8AFF70086CEF5 /* Assets.xcassets */ = {isa = PBXFileReference; lastKnownFileType = folder.assetcatalog; path = Assets.xcassets; sourceTree = "<group>"; };
		D2E2D73A2AC8AFF70086CEF5 /* Base */ = {isa = PBXFileReference; lastKnownFileType = file.storyboard; name = Base; path = Base.lproj/LaunchScreen.storyboard; sourceTree = "<group>"; };
		D2E2D73C2AC8AFF70086CEF5 /* Info.plist */ = {isa = PBXFileReference; lastKnownFileType = text.plist.xml; path = Info.plist; sourceTree = "<group>"; };
		D2E2D7412AC8AFF70086CEF5 /* VideoEditorAppTests.xctest */ = {isa = PBXFileReference; explicitFileType = wrapper.cfbundle; includeInIndex = 0; path = VideoEditorAppTests.xctest; sourceTree = BUILT_PRODUCTS_DIR; };
		D2E2D7452AC8AFF70086CEF5 /* VideoEditorAppTests.swift */ = {isa = PBXFileReference; lastKnownFileType = sourcecode.swift; path = VideoEditorAppTests.swift; sourceTree = "<group>"; };
		D2E2D74B2AC8AFF70086CEF5 /* VideoEditorAppUITests.xctest */ = {isa = PBXFileReference; explicitFileType = wrapper.cfbundle; includeInIndex = 0; path = VideoEditorAppUITests.xctest; sourceTree = BUILT_PRODUCTS_DIR; };
		D2E2D74F2AC8AFF70086CEF5 /* VideoEditorAppUITests.swift */ = {isa = PBXFileReference; lastKnownFileType = sourcecode.swift; path = VideoEditorAppUITests.swift; sourceTree = "<group>"; };
		D2E2D7512AC8AFF70086CEF5 /* VideoEditorAppUITestsLaunchTests.swift */ = {isa = PBXFileReference; lastKnownFileType = sourcecode.swift; path = VideoEditorAppUITestsLaunchTests.swift; sourceTree = "<group>"; };
/* End PBXFileReference section */

/* Begin PBXFrameworksBuildPhase section */
		D2E2D7282AC8AFF50086CEF5 /* Frameworks */ = {
			isa = PBXFrameworksBuildPhase;
			buildActionMask = 2147483647;
			files = (
				E55EDB78A559E0ABB11B6DCD /* Pods_VideoEditorApp.framework in Frameworks */,
			);
			runOnlyForDeploymentPostprocessing = 0;
		};
		D2E2D73E2AC8AFF70086CEF5 /* Frameworks */ = {
			isa = PBXFrameworksBuildPhase;
			buildActionMask = 2147483647;
			files = (
			);
			runOnlyForDeploymentPostprocessing = 0;
		};
		D2E2D7482AC8AFF70086CEF5 /* Frameworks */ = {
			isa = PBXFrameworksBuildPhase;
			buildActionMask = 2147483647;
			files = (
			);
			runOnlyForDeploymentPostprocessing = 0;
		};
/* End PBXFrameworksBuildPhase section */

/* Begin PBXGroup section */
		5491483626C891755588209E /* Frameworks */ = {
			isa = PBXGroup;
			children = (
				A9993AECD138E8FEEFA6233B /* Pods_VideoEditorApp.framework */,
			);
			name = Frameworks;
			sourceTree = "<group>";
		};
		D2E2D7222AC8AFF50086CEF5 = {
			isa = PBXGroup;
			children = (
				D2E2D72D2AC8AFF50086CEF5 /* VideoEditorApp */,
				D2E2D7442AC8AFF70086CEF5 /* VideoEditorAppTests */,
				D2E2D74E2AC8AFF70086CEF5 /* VideoEditorAppUITests */,
				D2E2D72C2AC8AFF50086CEF5 /* Products */,
				E86ED209C4355C6F50393200 /* Pods */,
				5491483626C891755588209E /* Frameworks */,
			);
			sourceTree = "<group>";
		};
		D2E2D72C2AC8AFF50086CEF5 /* Products */ = {
			isa = PBXGroup;
			children = (
				D2E2D72B2AC8AFF50086CEF5 /* VideoEditorApp.app */,
				D2E2D7412AC8AFF70086CEF5 /* VideoEditorAppTests.xctest */,
				D2E2D74B2AC8AFF70086CEF5 /* VideoEditorAppUITests.xctest */,
			);
			name = Products;
			sourceTree = "<group>";
		};
		D2E2D72D2AC8AFF50086CEF5 /* VideoEditorApp */ = {
			isa = PBXGroup;
			children = (
				D2E2D72E2AC8AFF50086CEF5 /* AppDelegate.swift */,
				D2E2D7302AC8AFF50086CEF5 /* SceneDelegate.swift */,
				D2E2D7322AC8AFF50086CEF5 /* ViewController.swift */,
				D2E2D7342AC8AFF50086CEF5 /* Main.storyboard */,
				D2E2D7372AC8AFF70086CEF5 /* Assets.xcassets */,
				D2E2D7392AC8AFF70086CEF5 /* LaunchScreen.storyboard */,
				D2E2D73C2AC8AFF70086CEF5 /* Info.plist */,
			);
			path = VideoEditorApp;
			sourceTree = "<group>";
		};
		D2E2D7442AC8AFF70086CEF5 /* VideoEditorAppTests */ = {
			isa = PBXGroup;
			children = (
				D2E2D7452AC8AFF70086CEF5 /* VideoEditorAppTests.swift */,
			);
			path = VideoEditorAppTests;
			sourceTree = "<group>";
		};
		D2E2D74E2AC8AFF70086CEF5 /* VideoEditorAppUITests */ = {
			isa = PBXGroup;
			children = (
				D2E2D74F2AC8AFF70086CEF5 /* VideoEditorAppUITests.swift */,
				D2E2D7512AC8AFF70086CEF5 /* VideoEditorAppUITestsLaunchTests.swift */,
			);
			path = VideoEditorAppUITests;
			sourceTree = "<group>";
		};
		E86ED209C4355C6F50393200 /* Pods */ = {
			isa = PBXGroup;
			children = (
				4BFCEA50841FB64B74A455FD /* Pods-VideoEditorApp.debug.xcconfig */,
				9B014DCE51004A9E9B2F1F3B /* Pods-VideoEditorApp.release.xcconfig */,
			);
			name = Pods;
			path = Pods;
			sourceTree = "<group>";
		};
/* End PBXGroup section */

/* Begin PBXNativeTarget section */
		D2E2D72A2AC8AFF50086CEF5 /* VideoEditorApp */ = {
			isa = PBXNativeTarget;
			buildConfigurationList = D2E2D7552AC8AFF70086CEF5 /* Build configuration list for PBXNativeTarget "VideoEditorApp" */;
			buildPhases = (
				4C36A4C7D956D88D78B64F05 /* [CP] Check Pods Manifest.lock */,
				D2E2D7272AC8AFF50086CEF5 /* Sources */,
				D2E2D7282AC8AFF50086CEF5 /* Frameworks */,
				D2E2D7292AC8AFF50086CEF5 /* Resources */,
				5FFBAA2E9AF8049991A6F2BB /* [CP] Embed Pods Frameworks */,
			);
			buildRules = (
			);
			dependencies = (
			);
			name = VideoEditorApp;
			productName = VideoEditorApp;
			productReference = D2E2D72B2AC8AFF50086CEF5 /* VideoEditorApp.app */;
			productType = "com.apple.product-type.application";
		};
		D2E2D7402AC8AFF70086CEF5 /* VideoEditorAppTests */ = {
			isa = PBXNativeTarget;
			buildConfigurationList = D2E2D7582AC8AFF70086CEF5 /* Build configuration list for PBXNativeTarget "VideoEditorAppTests" */;
			buildPhases = (
				D2E2D73D2AC8AFF70086CEF5 /* Sources */,
				D2E2D73E2AC8AFF70086CEF5 /* Frameworks */,
				D2E2D73F2AC8AFF70086CEF5 /* Resources */,
			);
			buildRules = (
			);
			dependencies = (
				D2E2D7432AC8AFF70086CEF5 /* PBXTargetDependency */,
			);
			name = VideoEditorAppTests;
			productName = VideoEditorAppTests;
			productReference = D2E2D7412AC8AFF70086CEF5 /* VideoEditorAppTests.xctest */;
			productType = "com.apple.product-type.bundle.unit-test";
		};
		D2E2D74A2AC8AFF70086CEF5 /* VideoEditorAppUITests */ = {
			isa = PBXNativeTarget;
			buildConfigurationList = D2E2D75B2AC8AFF70086CEF5 /* Build configuration list for PBXNativeTarget "VideoEditorAppUITests" */;
			buildPhases = (
				D2E2D7472AC8AFF70086CEF5 /* Sources */,
				D2E2D7482AC8AFF70086CEF5 /* Frameworks */,
				D2E2D7492AC8AFF70086CEF5 /* Resources */,
			);
			buildRules = (
			);
			dependencies = (
				D2E2D74D2AC8AFF70086CEF5 /* PBXTargetDependency */,
			);
			name = VideoEditorAppUITests;
			productName = VideoEditorAppUITests;
			productReference = D2E2D74B2AC8AFF70086CEF5 /* VideoEditorAppUITests.xctest */;
			productType = "com.apple.product-type.bundle.ui-testing";
		};
/* End PBXNativeTarget section */

/* Begin PBXProject section */
		D2E2D7232AC8AFF50086CEF5 /* Project object */ = {
			isa = PBXProject;
			attributes = {
				BuildIndependentTargetsInParallel = 1;
				LastSwiftUpdateCheck = 1500;
				LastUpgradeCheck = 1500;
				TargetAttributes = {
					D2E2D72A2AC8AFF50086CEF5 = {
						CreatedOnToolsVersion = 15.0;
					};
					D2E2D7402AC8AFF70086CEF5 = {
						CreatedOnToolsVersion = 15.0;
						TestTargetID = D2E2D72A2AC8AFF50086CEF5;
					};
					D2E2D74A2AC8AFF70086CEF5 = {
						CreatedOnToolsVersion = 15.0;
						TestTargetID = D2E2D72A2AC8AFF50086CEF5;
					};
				};
			};
			buildConfigurationList = D2E2D7262AC8AFF50086CEF5 /* Build configuration list for PBXProject "VideoEditorApp" */;
			compatibilityVersion = "Xcode 14.0";
			developmentRegion = en;
			hasScannedForEncodings = 0;
			knownRegions = (
				en,
				Base,
			);
			mainGroup = D2E2D7222AC8AFF50086CEF5;
			productRefGroup = D2E2D72C2AC8AFF50086CEF5 /* Products */;
			projectDirPath = "";
			projectRoot = "";
			targets = (
				D2E2D72A2AC8AFF50086CEF5 /* VideoEditorApp */,
				D2E2D7402AC8AFF70086CEF5 /* VideoEditorAppTests */,
				D2E2D74A2AC8AFF70086CEF5 /* VideoEditorAppUITests */,
			);
		};
/* End PBXProject section */

/* Begin PBXResourcesBuildPhase section */
		D2E2D7292AC8AFF50086CEF5 /* Resources */ = {
			isa = PBXResourcesBuildPhase;
			buildActionMask = 2147483647;
			files = (
				D2E2D73B2AC8AFF70086CEF5 /* LaunchScreen.storyboard in Resources */,
				D2E2D7382AC8AFF70086CEF5 /* Assets.xcassets in Resources */,
				D2E2D7362AC8AFF50086CEF5 /* Main.storyboard in Resources */,
			);
			runOnlyForDeploymentPostprocessing = 0;
		};
		D2E2D73F2AC8AFF70086CEF5 /* Resources */ = {
			isa = PBXResourcesBuildPhase;
			buildActionMask = 2147483647;
			files = (
			);
			runOnlyForDeploymentPostprocessing = 0;
		};
		D2E2D7492AC8AFF70086CEF5 /* Resources */ = {
			isa = PBXResourcesBuildPhase;
			buildActionMask = 2147483647;
			files = (
			);
			runOnlyForDeploymentPostprocessing = 0;
		};
/* End PBXResourcesBuildPhase section */

/* Begin PBXShellScriptBuildPhase section */
		4C36A4C7D956D88D78B64F05 /* [CP] Check Pods Manifest.lock */ = {
			isa = PBXShellScriptBuildPhase;
			buildActionMask = 2147483647;
			files = (
			);
			inputFileListPaths = (
			);
			inputPaths = (
				"${PODS_PODFILE_DIR_PATH}/Podfile.lock",
				"${PODS_ROOT}/Manifest.lock",
			);
			name = "[CP] Check Pods Manifest.lock";
			outputFileListPaths = (
			);
			outputPaths = (
				"$(DERIVED_FILE_DIR)/Pods-VideoEditorApp-checkManifestLockResult.txt",
			);
			runOnlyForDeploymentPostprocessing = 0;
			shellPath = /bin/sh;
			shellScript = "diff \"${PODS_PODFILE_DIR_PATH}/Podfile.lock\" \"${PODS_ROOT}/Manifest.lock\" > /dev/null\nif [ $? != 0 ] ; then\n    # print error to STDERR\n    echo \"error: The sandbox is not in sync with the Podfile.lock. Run 'pod install' or update your CocoaPods installation.\" >&2\n    exit 1\nfi\n# This output is used by Xcode 'outputs' to avoid re-running this script phase.\necho \"SUCCESS\" > \"${SCRIPT_OUTPUT_FILE_0}\"\n";
			showEnvVarsInLog = 0;
		};
		5FFBAA2E9AF8049991A6F2BB /* [CP] Embed Pods Frameworks */ = {
			isa = PBXShellScriptBuildPhase;
			buildActionMask = 2147483647;
			files = (
			);
			inputFileListPaths = (
				"${PODS_ROOT}/Target Support Files/Pods-VideoEditorApp/Pods-VideoEditorApp-frameworks-${CONFIGURATION}-input-files.xcfilelist",
			);
			name = "[CP] Embed Pods Frameworks";
			outputFileListPaths = (
				"${PODS_ROOT}/Target Support Files/Pods-VideoEditorApp/Pods-VideoEditorApp-frameworks-${CONFIGURATION}-output-files.xcfilelist",
			);
			runOnlyForDeploymentPostprocessing = 0;
			shellPath = /bin/sh;
			shellScript = "\"${PODS_ROOT}/Target Support Files/Pods-VideoEditorApp/Pods-VideoEditorApp-frameworks.sh\"\n";
			showEnvVarsInLog = 0;
		};
/* End PBXShellScriptBuildPhase section */

/* Begin PBXSourcesBuildPhase section */
		D2E2D7272AC8AFF50086CEF5 /* Sources */ = {
			isa = PBXSourcesBuildPhase;
			buildActionMask = 2147483647;
			files = (
				D2E2D7332AC8AFF50086CEF5 /* ViewController.swift in Sources */,
				D2E2D72F2AC8AFF50086CEF5 /* AppDelegate.swift in Sources */,
				D2E2D7312AC8AFF50086CEF5 /* SceneDelegate.swift in Sources */,
			);
			runOnlyForDeploymentPostprocessing = 0;
		};
		D2E2D73D2AC8AFF70086CEF5 /* Sources */ = {
			isa = PBXSourcesBuildPhase;
			buildActionMask = 2147483647;
			files = (
				D2E2D7462AC8AFF70086CEF5 /* VideoEditorAppTests.swift in Sources */,
			);
			runOnlyForDeploymentPostprocessing = 0;
		};
		D2E2D7472AC8AFF70086CEF5 /* Sources */ = {
			isa = PBXSourcesBuildPhase;
			buildActionMask = 2147483647;
			files = (
				D2E2D7502AC8AFF70086CEF5 /* VideoEditorAppUITests.swift in Sources */,
				D2E2D7522AC8AFF70086CEF5 /* VideoEditorAppUITestsLaunchTests.swift in Sources */,
			);
			runOnlyForDeploymentPostprocessing = 0;
		};
/* End PBXSourcesBuildPhase section */

/* Begin PBXTargetDependency section */
		D2E2D7432AC8AFF70086CEF5 /* PBXTargetDependency */ = {
			isa = PBXTargetDependency;
			target = D2E2D72A2AC8AFF50086CEF5 /* VideoEditorApp */;
			targetProxy = D2E2D7422AC8AFF70086CEF5 /* PBXContainerItemProxy */;
		};
		D2E2D74D2AC8AFF70086CEF5 /* PBXTargetDependency */ = {
			isa = PBXTargetDependency;
			target = D2E2D72A2AC8AFF50086CEF5 /* VideoEditorApp */;
			targetProxy = D2E2D74C2AC8AFF70086CEF5 /* PBXContainerItemProxy */;
		};
/* End PBXTargetDependency section */

/* Begin PBXVariantGroup section */
		D2E2D7342AC8AFF50086CEF5 /* Main.storyboard */ = {
			isa = PBXVariantGroup;
			children = (
				D2E2D7352AC8AFF50086CEF5 /* Base */,
			);
			name = Main.storyboard;
			sourceTree = "<group>";
		};
		D2E2D7392AC8AFF70086CEF5 /* LaunchScreen.storyboard */ = {
			isa = PBXVariantGroup;
			children = (
				D2E2D73A2AC8AFF70086CEF5 /* Base */,
			);
			name = LaunchScreen.storyboard;
			sourceTree = "<group>";
		};
/* End PBXVariantGroup section */

/* Begin XCBuildConfiguration section */
		D2E2D7532AC8AFF70086CEF5 /* Debug */ = {
			isa = XCBuildConfiguration;
			buildSettings = {
				ALWAYS_SEARCH_USER_PATHS = NO;
				ASSETCATALOG_COMPILER_GENERATE_SWIFT_ASSET_SYMBOL_EXTENSIONS = YES;
				CLANG_ANALYZER_NONNULL = YES;
				CLANG_ANALYZER_NUMBER_OBJECT_CONVERSION = YES_AGGRESSIVE;
				CLANG_CXX_LANGUAGE_STANDARD = "gnu++20";
				CLANG_ENABLE_MODULES = YES;
				CLANG_ENABLE_OBJC_ARC = YES;
				CLANG_ENABLE_OBJC_WEAK = YES;
				CLANG_WARN_BLOCK_CAPTURE_AUTORELEASING = YES;
				CLANG_WARN_BOOL_CONVERSION = YES;
				CLANG_WARN_COMMA = YES;
				CLANG_WARN_CONSTANT_CONVERSION = YES;
				CLANG_WARN_DEPRECATED_OBJC_IMPLEMENTATIONS = YES;
				CLANG_WARN_DIRECT_OBJC_ISA_USAGE = YES_ERROR;
				CLANG_WARN_DOCUMENTATION_COMMENTS = YES;
				CLANG_WARN_EMPTY_BODY = YES;
				CLANG_WARN_ENUM_CONVERSION = YES;
				CLANG_WARN_INFINITE_RECURSION = YES;
				CLANG_WARN_INT_CONVERSION = YES;
				CLANG_WARN_NON_LITERAL_NULL_CONVERSION = YES;
				CLANG_WARN_OBJC_IMPLICIT_RETAIN_SELF = YES;
				CLANG_WARN_OBJC_LITERAL_CONVERSION = YES;
				CLANG_WARN_OBJC_ROOT_CLASS = YES_ERROR;
				CLANG_WARN_QUOTED_INCLUDE_IN_FRAMEWORK_HEADER = YES;
				CLANG_WARN_RANGE_LOOP_ANALYSIS = YES;
				CLANG_WARN_STRICT_PROTOTYPES = YES;
				CLANG_WARN_SUSPICIOUS_MOVE = YES;
				CLANG_WARN_UNGUARDED_AVAILABILITY = YES_AGGRESSIVE;
				CLANG_WARN_UNREACHABLE_CODE = YES;
				CLANG_WARN__DUPLICATE_METHOD_MATCH = YES;
				COPY_PHASE_STRIP = NO;
				DEBUG_INFORMATION_FORMAT = dwarf;
				ENABLE_STRICT_OBJC_MSGSEND = YES;
				ENABLE_TESTABILITY = YES;
				ENABLE_USER_SCRIPT_SANDBOXING = YES;
				GCC_C_LANGUAGE_STANDARD = gnu17;
				GCC_DYNAMIC_NO_PIC = NO;
				GCC_NO_COMMON_BLOCKS = YES;
				GCC_OPTIMIZATION_LEVEL = 0;
				GCC_PREPROCESSOR_DEFINITIONS = (
					"DEBUG=1",
					"$(inherited)",
				);
				GCC_WARN_64_TO_32_BIT_CONVERSION = YES;
				GCC_WARN_ABOUT_RETURN_TYPE = YES_ERROR;
				GCC_WARN_UNDECLARED_SELECTOR = YES;
				GCC_WARN_UNINITIALIZED_AUTOS = YES_AGGRESSIVE;
				GCC_WARN_UNUSED_FUNCTION = YES;
				GCC_WARN_UNUSED_VARIABLE = YES;
				IPHONEOS_DEPLOYMENT_TARGET = 17.0;
				LOCALIZATION_PREFERS_STRING_CATALOGS = YES;
				MTL_ENABLE_DEBUG_INFO = INCLUDE_SOURCE;
				MTL_FAST_MATH = YES;
				ONLY_ACTIVE_ARCH = YES;
				SDKROOT = iphoneos;
				SWIFT_ACTIVE_COMPILATION_CONDITIONS = "DEBUG $(inherited)";
				SWIFT_OPTIMIZATION_LEVEL = "-Onone";
			};
			name = Debug;
		};
		D2E2D7542AC8AFF70086CEF5 /* Release */ = {
			isa = XCBuildConfiguration;
			buildSettings = {
				ALWAYS_SEARCH_USER_PATHS = NO;
				ASSETCATALOG_COMPILER_GENERATE_SWIFT_ASSET_SYMBOL_EXTENSIONS = YES;
				CLANG_ANALYZER_NONNULL = YES;
				CLANG_ANALYZER_NUMBER_OBJECT_CONVERSION = YES_AGGRESSIVE;
				CLANG_CXX_LANGUAGE_STANDARD = "gnu++20";
				CLANG_ENABLE_MODULES = YES;
				CLANG_ENABLE_OBJC_ARC = YES;
				CLANG_ENABLE_OBJC_WEAK = YES;
				CLANG_WARN_BLOCK_CAPTURE_AUTORELEASING = YES;
				CLANG_WARN_BOOL_CONVERSION = YES;
				CLANG_WARN_COMMA = YES;
				CLANG_WARN_CONSTANT_CONVERSION = YES;
				CLANG_WARN_DEPRECATED_OBJC_IMPLEMENTATIONS = YES;
				CLANG_WARN_DIRECT_OBJC_ISA_USAGE = YES_ERROR;
				CLANG_WARN_DOCUMENTATION_COMMENTS = YES;
				CLANG_WARN_EMPTY_BODY = YES;
				CLANG_WARN_ENUM_CONVERSION = YES;
				CLANG_WARN_INFINITE_RECURSION = YES;
				CLANG_WARN_INT_CONVERSION = YES;
				CLANG_WARN_NON_LITERAL_NULL_CONVERSION = YES;
				CLANG_WARN_OBJC_IMPLICIT_RETAIN_SELF = YES;
				CLANG_WARN_OBJC_LITERAL_CONVERSION = YES;
				CLANG_WARN_OBJC_ROOT_CLASS = YES_ERROR;
				CLANG_WARN_QUOTED_INCLUDE_IN_FRAMEWORK_HEADER = YES;
				CLANG_WARN_RANGE_LOOP_ANALYSIS = YES;
				CLANG_WARN_STRICT_PROTOTYPES = YES;
				CLANG_WARN_SUSPICIOUS_MOVE = YES;
				CLANG_WARN_UNGUARDED_AVAILABILITY = YES_AGGRESSIVE;
				CLANG_WARN_UNREACHABLE_CODE = YES;
				CLANG_WARN__DUPLICATE_METHOD_MATCH = YES;
				COPY_PHASE_STRIP = NO;
				DEBUG_INFORMATION_FORMAT = "dwarf-with-dsym";
				ENABLE_NS_ASSERTIONS = NO;
				ENABLE_STRICT_OBJC_MSGSEND = YES;
				ENABLE_USER_SCRIPT_SANDBOXING = YES;
				GCC_C_LANGUAGE_STANDARD = gnu17;
				GCC_NO_COMMON_BLOCKS = YES;
				GCC_WARN_64_TO_32_BIT_CONVERSION = YES;
				GCC_WARN_ABOUT_RETURN_TYPE = YES_ERROR;
				GCC_WARN_UNDECLARED_SELECTOR = YES;
				GCC_WARN_UNINITIALIZED_AUTOS = YES_AGGRESSIVE;
				GCC_WARN_UNUSED_FUNCTION = YES;
				GCC_WARN_UNUSED_VARIABLE = YES;
				IPHONEOS_DEPLOYMENT_TARGET = 17.0;
				LOCALIZATION_PREFERS_STRING_CATALOGS = YES;
				MTL_ENABLE_DEBUG_INFO = NO;
				MTL_FAST_MATH = YES;
				SDKROOT = iphoneos;
				SWIFT_COMPILATION_MODE = wholemodule;
				VALIDATE_PRODUCT = YES;
			};
			name = Release;
		};
		D2E2D7562AC8AFF70086CEF5 /* Debug */ = {
			isa = XCBuildConfiguration;
			baseConfigurationReference = 4BFCEA50841FB64B74A455FD /* Pods-VideoEditorApp.debug.xcconfig */;
			buildSettings = {
				ASSETCATALOG_COMPILER_APPICON_NAME = AppIcon;
				ASSETCATALOG_COMPILER_GLOBAL_ACCENT_COLOR_NAME = AccentColor;
				CODE_SIGN_STYLE = Automatic;
				CURRENT_PROJECT_VERSION = 1;
				DEVELOPMENT_TEAM = 32MW45ALLS;
				GENERATE_INFOPLIST_FILE = YES;
				INFOPLIST_FILE = VideoEditorApp/Info.plist;
				INFOPLIST_KEY_UIApplicationSupportsIndirectInputEvents = YES;
				INFOPLIST_KEY_UILaunchStoryboardName = LaunchScreen;
				INFOPLIST_KEY_UIMainStoryboardFile = Main;
				INFOPLIST_KEY_UISupportedInterfaceOrientations_iPad = "UIInterfaceOrientationPortrait UIInterfaceOrientationPortraitUpsideDown UIInterfaceOrientationLandscapeLeft UIInterfaceOrientationLandscapeRight";
				INFOPLIST_KEY_UISupportedInterfaceOrientations_iPhone = "UIInterfaceOrientationPortrait UIInterfaceOrientationLandscapeLeft UIInterfaceOrientationLandscapeRight";
				LD_RUNPATH_SEARCH_PATHS = (
					"$(inherited)",
					"@executable_path/Frameworks",
				);
				MARKETING_VERSION = 1.0;
				PRODUCT_BUNDLE_IDENTIFIER = "morrterry2021-gmail.com.VideoEditorApp";
				PRODUCT_NAME = "$(TARGET_NAME)";
				SWIFT_EMIT_LOC_STRINGS = YES;
				SWIFT_VERSION = 5.0;
				TARGETED_DEVICE_FAMILY = "1,2";
			};
			name = Debug;
		};
		D2E2D7572AC8AFF70086CEF5 /* Release */ = {
			isa = XCBuildConfiguration;
			baseConfigurationReference = 9B014DCE51004A9E9B2F1F3B /* Pods-VideoEditorApp.release.xcconfig */;
			buildSettings = {
				ASSETCATALOG_COMPILER_APPICON_NAME = AppIcon;
				ASSETCATALOG_COMPILER_GLOBAL_ACCENT_COLOR_NAME = AccentColor;
				CODE_SIGN_STYLE = Automatic;
				CURRENT_PROJECT_VERSION = 1;
				DEVELOPMENT_TEAM = 32MW45ALLS;
				GENERATE_INFOPLIST_FILE = YES;
				INFOPLIST_FILE = VideoEditorApp/Info.plist;
				INFOPLIST_KEY_UIApplicationSupportsIndirectInputEvents = YES;
				INFOPLIST_KEY_UILaunchStoryboardName = LaunchScreen;
				INFOPLIST_KEY_UIMainStoryboardFile = Main;
				INFOPLIST_KEY_UISupportedInterfaceOrientations_iPad = "UIInterfaceOrientationPortrait UIInterfaceOrientationPortraitUpsideDown UIInterfaceOrientationLandscapeLeft UIInterfaceOrientationLandscapeRight";
				INFOPLIST_KEY_UISupportedInterfaceOrientations_iPhone = "UIInterfaceOrientationPortrait UIInterfaceOrientationLandscapeLeft UIInterfaceOrientationLandscapeRight";
				LD_RUNPATH_SEARCH_PATHS = (
					"$(inherited)",
					"@executable_path/Frameworks",
				);
				MARKETING_VERSION = 1.0;
				PRODUCT_BUNDLE_IDENTIFIER = "morrterry2021-gmail.com.VideoEditorApp";
				PRODUCT_NAME = "$(TARGET_NAME)";
				SWIFT_EMIT_LOC_STRINGS = YES;
				SWIFT_VERSION = 5.0;
				TARGETED_DEVICE_FAMILY = "1,2";
			};
			name = Release;
		};
		D2E2D7592AC8AFF70086CEF5 /* Debug */ = {
			isa = XCBuildConfiguration;
			buildSettings = {
				ALWAYS_EMBED_SWIFT_STANDARD_LIBRARIES = YES;
				BUNDLE_LOADER = "$(TEST_HOST)";
				CODE_SIGN_STYLE = Automatic;
				CURRENT_PROJECT_VERSION = 1;
				DEVELOPMENT_TEAM = 32MW45ALLS;
				GENERATE_INFOPLIST_FILE = YES;
				IPHONEOS_DEPLOYMENT_TARGET = 17.0;
				MARKETING_VERSION = 1.0;
				PRODUCT_BUNDLE_IDENTIFIER = "morrterry2021-gmail.com.VideoEditorAppTests";
				PRODUCT_NAME = "$(TARGET_NAME)";
				SWIFT_EMIT_LOC_STRINGS = NO;
				SWIFT_VERSION = 5.0;
				TARGETED_DEVICE_FAMILY = "1,2";
				TEST_HOST = "$(BUILT_PRODUCTS_DIR)/VideoEditorApp.app/$(BUNDLE_EXECUTABLE_FOLDER_PATH)/VideoEditorApp";
			};
			name = Debug;
		};
		D2E2D75A2AC8AFF70086CEF5 /* Release */ = {
			isa = XCBuildConfiguration;
			buildSettings = {
				ALWAYS_EMBED_SWIFT_STANDARD_LIBRARIES = YES;
				BUNDLE_LOADER = "$(TEST_HOST)";
				CODE_SIGN_STYLE = Automatic;
				CURRENT_PROJECT_VERSION = 1;
				DEVELOPMENT_TEAM = 32MW45ALLS;
				GENERATE_INFOPLIST_FILE = YES;
				IPHONEOS_DEPLOYMENT_TARGET = 17.0;
				MARKETING_VERSION = 1.0;
				PRODUCT_BUNDLE_IDENTIFIER = "morrterry2021-gmail.com.VideoEditorAppTests";
				PRODUCT_NAME = "$(TARGET_NAME)";
				SWIFT_EMIT_LOC_STRINGS = NO;
				SWIFT_VERSION = 5.0;
				TARGETED_DEVICE_FAMILY = "1,2";
				TEST_HOST = "$(BUILT_PRODUCTS_DIR)/VideoEditorApp.app/$(BUNDLE_EXECUTABLE_FOLDER_PATH)/VideoEditorApp";
			};
			name = Release;
		};
		D2E2D75C2AC8AFF70086CEF5 /* Debug */ = {
			isa = XCBuildConfiguration;
			buildSettings = {
				ALWAYS_EMBED_SWIFT_STANDARD_LIBRARIES = YES;
				CODE_SIGN_STYLE = Automatic;
				CURRENT_PROJECT_VERSION = 1;
				DEVELOPMENT_TEAM = 32MW45ALLS;
				GENERATE_INFOPLIST_FILE = YES;
				MARKETING_VERSION = 1.0;
				PRODUCT_BUNDLE_IDENTIFIER = "morrterry2021-gmail.com.VideoEditorAppUITests";
				PRODUCT_NAME = "$(TARGET_NAME)";
				SWIFT_EMIT_LOC_STRINGS = NO;
				SWIFT_VERSION = 5.0;
				TARGETED_DEVICE_FAMILY = "1,2";
				TEST_TARGET_NAME = VideoEditorApp;
			};
			name = Debug;
		};
		D2E2D75D2AC8AFF70086CEF5 /* Release */ = {
			isa = XCBuildConfiguration;
			buildSettings = {
				ALWAYS_EMBED_SWIFT_STANDARD_LIBRARIES = YES;
				CODE_SIGN_STYLE = Automatic;
				CURRENT_PROJECT_VERSION = 1;
				DEVELOPMENT_TEAM = 32MW45ALLS;
				GENERATE_INFOPLIST_FILE = YES;
				MARKETING_VERSION = 1.0;
				PRODUCT_BUNDLE_IDENTIFIER = "morrterry2021-gmail.com.VideoEditorAppUITests";
				PRODUCT_NAME = "$(TARGET_NAME)";
				SWIFT_EMIT_LOC_STRINGS = NO;
				SWIFT_VERSION = 5.0;
				TARGETED_DEVICE_FAMILY = "1,2";
				TEST_TARGET_NAME = VideoEditorApp;
			};
			name = Release;
		};
/* End XCBuildConfiguration section */

/* Begin XCConfigurationList section */
		D2E2D7262AC8AFF50086CEF5 /* Build configuration list for PBXProject "VideoEditorApp" */ = {
			isa = XCConfigurationList;
			buildConfigurations = (
				D2E2D7532AC8AFF70086CEF5 /* Debug */,
				D2E2D7542AC8AFF70086CEF5 /* Release */,
			);
			defaultConfigurationIsVisible = 0;
			defaultConfigurationName = Release;
		};
		D2E2D7552AC8AFF70086CEF5 /* Build configuration list for PBXNativeTarget "VideoEditorApp" */ = {
			isa = XCConfigurationList;
			buildConfigurations = (
				D2E2D7562AC8AFF70086CEF5 /* Debug */,
				D2E2D7572AC8AFF70086CEF5 /* Release */,
			);
			defaultConfigurationIsVisible = 0;
			defaultConfigurationName = Release;
		};
		D2E2D7582AC8AFF70086CEF5 /* Build configuration list for PBXNativeTarget "VideoEditorAppTests" */ = {
			isa = XCConfigurationList;
			buildConfigurations = (
				D2E2D7592AC8AFF70086CEF5 /* Debug */,
				D2E2D75A2AC8AFF70086CEF5 /* Release */,
			);
			defaultConfigurationIsVisible = 0;
			defaultConfigurationName = Release;
		};
		D2E2D75B2AC8AFF70086CEF5 /* Build configuration list for PBXNativeTarget "VideoEditorAppUITests" */ = {
			isa = XCConfigurationList;
			buildConfigurations = (
				D2E2D75C2AC8AFF70086CEF5 /* Debug */,
				D2E2D75D2AC8AFF70086CEF5 /* Release */,
			);
			defaultConfigurationIsVisible = 0;
			defaultConfigurationName = Release;
		};
/* End XCConfigurationList section */
	};
	rootObject = D2E2D7232AC8AFF50086CEF5 /* Project object */;
}
